// !$*UTF8*$!
{
	archiveVersion = 1;
	classes = {
	};
	objectVersion = 46;
	objects = {

/* Begin PBXBuildFile section */
		E302DBAD1409E1D600F21D06 /* MenuDetailController.m in Sources */ = {isa = PBXBuildFile; fileRef = E302DBAB1409E1D600F21D06 /* MenuDetailController.m */; };
		E30CC9F814238E4D0089F7E2 /* 07-map-marker.png in Resources */ = {isa = PBXBuildFile; fileRef = E30CC98614238E4D0089F7E2 /* 07-map-marker.png */; };
		E30CC9F914238E4D0089F7E2 /* 53-house.png in Resources */ = {isa = PBXBuildFile; fileRef = E30CC98714238E4D0089F7E2 /* 53-house.png */; };
		E30CC9FA14238E4D0089F7E2 /* 179-notepad.png in Resources */ = {isa = PBXBuildFile; fileRef = E30CC98814238E4D0089F7E2 /* 179-notepad.png */; };
		E30CC9FB14238E4D0089F7E2 /* arrow.png in Resources */ = {isa = PBXBuildFile; fileRef = E30CC98914238E4D0089F7E2 /* arrow.png */; };
		E30CC9FC14238E4D0089F7E2 /* brfast_01.png in Resources */ = {isa = PBXBuildFile; fileRef = E30CC98A14238E4D0089F7E2 /* brfast_01.png */; };
		E30CC9FD14238E4D0089F7E2 /* brfast_02.png in Resources */ = {isa = PBXBuildFile; fileRef = E30CC98B14238E4D0089F7E2 /* brfast_02.png */; };
		E30CC9FE14238E4D0089F7E2 /* brfast_03.png in Resources */ = {isa = PBXBuildFile; fileRef = E30CC98C14238E4D0089F7E2 /* brfast_03.png */; };
		E30CC9FF14238E4D0089F7E2 /* brfast_04.png in Resources */ = {isa = PBXBuildFile; fileRef = E30CC98D14238E4D0089F7E2 /* brfast_04.png */; };
		E30CCA0014238E4D0089F7E2 /* brfast_05.png in Resources */ = {isa = PBXBuildFile; fileRef = E30CC98E14238E4D0089F7E2 /* brfast_05.png */; };
		E30CCA0114238E4D0089F7E2 /* brfast_06.png in Resources */ = {isa = PBXBuildFile; fileRef = E30CC98F14238E4D0089F7E2 /* brfast_06.png */; };
		E30CCA0214238E4D0089F7E2 /* brfast_07.png in Resources */ = {isa = PBXBuildFile; fileRef = E30CC99014238E4D0089F7E2 /* brfast_07.png */; };
		E30CCA0314238E4D0089F7E2 /* brfast_title.png in Resources */ = {isa = PBXBuildFile; fileRef = E30CC99114238E4D0089F7E2 /* brfast_title.png */; };
		E30CCA0414238E4D0089F7E2 /* brfast_title2.png in Resources */ = {isa = PBXBuildFile; fileRef = E30CC99214238E4D0089F7E2 /* brfast_title2.png */; };
		E30CCA0514238E4D0089F7E2 /* btn_back.png in Resources */ = {isa = PBXBuildFile; fileRef = E30CC99314238E4D0089F7E2 /* btn_back.png */; };
		E30CCA0614238E4D0089F7E2 /* btn_home.png in Resources */ = {isa = PBXBuildFile; fileRef = E30CC99414238E4D0089F7E2 /* btn_home.png */; };
		E30CCA0714238E4D0089F7E2 /* coupon_blue_buy.png in Resources */ = {isa = PBXBuildFile; fileRef = E30CC99514238E4D0089F7E2 /* coupon_blue_buy.png */; };
		E30CCA0814238E4D0089F7E2 /* coupon_blue_sticker.png in Resources */ = {isa = PBXBuildFile; fileRef = E30CC99614238E4D0089F7E2 /* coupon_blue_sticker.png */; };
		E30CCA0914238E4D0089F7E2 /* coupon_btn_blue.png in Resources */ = {isa = PBXBuildFile; fileRef = E30CC99714238E4D0089F7E2 /* coupon_btn_blue.png */; };
		E30CCA0A14238E4D0089F7E2 /* coupon_btn_orange.png in Resources */ = {isa = PBXBuildFile; fileRef = E30CC99814238E4D0089F7E2 /* coupon_btn_orange.png */; };
		E30CCA0B14238E4D0089F7E2 /* coupon_btn_yellow.png in Resources */ = {isa = PBXBuildFile; fileRef = E30CC99914238E4D0089F7E2 /* coupon_btn_yellow.png */; };
		E30CCA0C14238E4D0089F7E2 /* coupon_choose.png in Resources */ = {isa = PBXBuildFile; fileRef = E30CC99A14238E4D0089F7E2 /* coupon_choose.png */; };
		E30CCA0D14238E4D0089F7E2 /* coupon_deadline.png in Resources */ = {isa = PBXBuildFile; fileRef = E30CC99B14238E4D0089F7E2 /* coupon_deadline.png */; };
		E30CCA0E14238E4D0089F7E2 /* coupon_sticker_bg.png in Resources */ = {isa = PBXBuildFile; fileRef = E30CC99C14238E4D0089F7E2 /* coupon_sticker_bg.png */; };
		E30CCA0F14238E4D0089F7E2 /* coupon_yellow_buy.png in Resources */ = {isa = PBXBuildFile; fileRef = E30CC99D14238E4D0089F7E2 /* coupon_yellow_buy.png */; };
		E30CCA1014238E4D0089F7E2 /* coupon_yellow_sticker.png in Resources */ = {isa = PBXBuildFile; fileRef = E30CC99E14238E4D0089F7E2 /* coupon_yellow_sticker.png */; };
		E30CCA1114238E4D0089F7E2 /* coupon_yellow_time.png in Resources */ = {isa = PBXBuildFile; fileRef = E30CC99F14238E4D0089F7E2 /* coupon_yellow_time.png */; };
		E30CCA1214238E4D0089F7E2 /* daily_01.png in Resources */ = {isa = PBXBuildFile; fileRef = E30CC9A014238E4D0089F7E2 /* daily_01.png */; };
		E30CCA1314238E4D0089F7E2 /* daily_02.png in Resources */ = {isa = PBXBuildFile; fileRef = E30CC9A114238E4D0089F7E2 /* daily_02.png */; };
		E30CCA1414238E4D0089F7E2 /* daily_03.png in Resources */ = {isa = PBXBuildFile; fileRef = E30CC9A214238E4D0089F7E2 /* daily_03.png */; };
		E30CCA1514238E4D0089F7E2 /* drink_01.png in Resources */ = {isa = PBXBuildFile; fileRef = E30CC9A314238E4D0089F7E2 /* drink_01.png */; };
		E30CCA1614238E4D0089F7E2 /* drink_02.png in Resources */ = {isa = PBXBuildFile; fileRef = E30CC9A414238E4D0089F7E2 /* drink_02.png */; };
		E30CCA1714238E4D0089F7E2 /* drink_03.png in Resources */ = {isa = PBXBuildFile; fileRef = E30CC9A514238E4D0089F7E2 /* drink_03.png */; };
		E30CCA1814238E4D0089F7E2 /* drink_04.png in Resources */ = {isa = PBXBuildFile; fileRef = E30CC9A614238E4D0089F7E2 /* drink_04.png */; };
		E30CCA1914238E4D0089F7E2 /* drink_05.png in Resources */ = {isa = PBXBuildFile; fileRef = E30CC9A714238E4D0089F7E2 /* drink_05.png */; };
		E30CCA1A14238E4D0089F7E2 /* drink_06.png in Resources */ = {isa = PBXBuildFile; fileRef = E30CC9A814238E4D0089F7E2 /* drink_06.png */; };
		E30CCA1B14238E4D0089F7E2 /* happy01.png in Resources */ = {isa = PBXBuildFile; fileRef = E30CC9A914238E4D0089F7E2 /* happy01.png */; };
		E30CCA1C14238E4D0089F7E2 /* happy02.png in Resources */ = {isa = PBXBuildFile; fileRef = E30CC9AA14238E4D0089F7E2 /* happy02.png */; };
		E30CCA1D14238E4D0089F7E2 /* happy03.png in Resources */ = {isa = PBXBuildFile; fileRef = E30CC9AB14238E4D0089F7E2 /* happy03.png */; };
		E30CCA1E14238E4D0089F7E2 /* happy04.png in Resources */ = {isa = PBXBuildFile; fileRef = E30CC9AC14238E4D0089F7E2 /* happy04.png */; };
		E30CCA1F14238E4D0089F7E2 /* happy05.png in Resources */ = {isa = PBXBuildFile; fileRef = E30CC9AD14238E4D0089F7E2 /* happy05.png */; };
		E30CCA2014238E4D0089F7E2 /* happyshare_01.png in Resources */ = {isa = PBXBuildFile; fileRef = E30CC9AE14238E4D0089F7E2 /* happyshare_01.png */; };
		E30CCA2114238E4D0089F7E2 /* happyshare_02.png in Resources */ = {isa = PBXBuildFile; fileRef = E30CC9AF14238E4D0089F7E2 /* happyshare_02.png */; };
		E30CCA2214238E4D0089F7E2 /* m_logo_.png in Resources */ = {isa = PBXBuildFile; fileRef = E30CC9B014238E4D0089F7E2 /* m_logo_.png */; };
		E30CCA2314238E4D0089F7E2 /* m_logo_30_.png in Resources */ = {isa = PBXBuildFile; fileRef = E30CC9B114238E4D0089F7E2 /* m_logo_30_.png */; };
		E30CCA2414238E4D0089F7E2 /* m_logo_30.png in Resources */ = {isa = PBXBuildFile; fileRef = E30CC9B214238E4D0089F7E2 /* m_logo_30.png */; };
		E30CCA2514238E4D0089F7E2 /* m_logo.png in Resources */ = {isa = PBXBuildFile; fileRef = E30CC9B314238E4D0089F7E2 /* m_logo.png */; };
		E30CCA2614238E4D0089F7E2 /* main_01.png in Resources */ = {isa = PBXBuildFile; fileRef = E30CC9B414238E4D0089F7E2 /* main_01.png */; };
		E30CCA2714238E4D0089F7E2 /* main_02.png in Resources */ = {isa = PBXBuildFile; fileRef = E30CC9B514238E4D0089F7E2 /* main_02.png */; };
		E30CCA2814238E4D0089F7E2 /* main_03.png in Resources */ = {isa = PBXBuildFile; fileRef = E30CC9B614238E4D0089F7E2 /* main_03.png */; };
		E30CCA2914238E4D0089F7E2 /* main_04.png in Resources */ = {isa = PBXBuildFile; fileRef = E30CC9B714238E4D0089F7E2 /* main_04.png */; };
		E30CCA2A14238E4D0089F7E2 /* rules01.png in Resources */ = {isa = PBXBuildFile; fileRef = E30CC9B814238E4D0089F7E2 /* rules01.png */; };
		E30CCA2B14238E4D0089F7E2 /* rules02.png in Resources */ = {isa = PBXBuildFile; fileRef = E30CC9B914238E4D0089F7E2 /* rules02.png */; };
		E30CCA2C14238E4D0089F7E2 /* rules03.png in Resources */ = {isa = PBXBuildFile; fileRef = E30CC9BA14238E4D0089F7E2 /* rules03.png */; };
		E30CCA2D14238E4D0089F7E2 /* store_address.png in Resources */ = {isa = PBXBuildFile; fileRef = E30CC9BB14238E4D0089F7E2 /* store_address.png */; };
		E30CCA2E14238E4D0089F7E2 /* store_opentime.png in Resources */ = {isa = PBXBuildFile; fileRef = E30CC9BC14238E4D0089F7E2 /* store_opentime.png */; };
		E30CCA2F14238E4D0089F7E2 /* store_phone.png in Resources */ = {isa = PBXBuildFile; fileRef = E30CC9BD14238E4D0089F7E2 /* store_phone.png */; };
		E30CCA3014238E4D0089F7E2 /* super_brfast_01.png in Resources */ = {isa = PBXBuildFile; fileRef = E30CC9BE14238E4D0089F7E2 /* super_brfast_01.png */; };
		E30CCA3114238E4D0089F7E2 /* super_brfast_02.png in Resources */ = {isa = PBXBuildFile; fileRef = E30CC9BF14238E4D0089F7E2 /* super_brfast_02.png */; };
		E30CCA3214238E4D0089F7E2 /* super_brfast_03.png in Resources */ = {isa = PBXBuildFile; fileRef = E30CC9C014238E4D0089F7E2 /* super_brfast_03.png */; };
		E30CCA3314238E4D0089F7E2 /* super_brfast_04.png in Resources */ = {isa = PBXBuildFile; fileRef = E30CC9C114238E4D0089F7E2 /* super_brfast_04.png */; };
		E30CCA3414238E4D0089F7E2 /* super_brfast_05.png in Resources */ = {isa = PBXBuildFile; fileRef = E30CC9C214238E4D0089F7E2 /* super_brfast_05.png */; };
		E30CCA3514238E4D0089F7E2 /* super_brfast_06.png in Resources */ = {isa = PBXBuildFile; fileRef = E30CC9C314238E4D0089F7E2 /* super_brfast_06.png */; };
		E30CCA3614238E4D0089F7E2 /* super_brfast_07.png in Resources */ = {isa = PBXBuildFile; fileRef = E30CC9C414238E4D0089F7E2 /* super_brfast_07.png */; };
		E30CCA3714238E4D0089F7E2 /* super_brfast_08.png in Resources */ = {isa = PBXBuildFile; fileRef = E30CC9C514238E4D0089F7E2 /* super_brfast_08.png */; };
		E30CCA3814238E4D0089F7E2 /* super_brfast_09.png in Resources */ = {isa = PBXBuildFile; fileRef = E30CC9C614238E4D0089F7E2 /* super_brfast_09.png */; };
		E30CCA3914238E4D0089F7E2 /* super_brfast_10.png in Resources */ = {isa = PBXBuildFile; fileRef = E30CC9C714238E4D0089F7E2 /* super_brfast_10.png */; };
		E30CCA3A14238E4D0089F7E2 /* super_brfast_11.png in Resources */ = {isa = PBXBuildFile; fileRef = E30CC9C814238E4D0089F7E2 /* super_brfast_11.png */; };
		E30CCA3B14238E4D0089F7E2 /* super_brfast_12.png in Resources */ = {isa = PBXBuildFile; fileRef = E30CC9C914238E4D0089F7E2 /* super_brfast_12.png */; };
		E30CCA3C14238E4D0089F7E2 /* super_brfast_13.png in Resources */ = {isa = PBXBuildFile; fileRef = E30CC9CA14238E4D0089F7E2 /* super_brfast_13.png */; };
		E30CCA3D14238E4D0089F7E2 /* super_brfast_14.png in Resources */ = {isa = PBXBuildFile; fileRef = E30CC9CB14238E4D0089F7E2 /* super_brfast_14.png */; };
		E30CCA3E14238E4D0089F7E2 /* super_brfast_15.png in Resources */ = {isa = PBXBuildFile; fileRef = E30CC9CC14238E4D0089F7E2 /* super_brfast_15.png */; };
		E30CCA3F14238E4D0089F7E2 /* super_brfast_16.png in Resources */ = {isa = PBXBuildFile; fileRef = E30CC9CD14238E4D0089F7E2 /* super_brfast_16.png */; };
		E30CCA4014238E4D0089F7E2 /* super_brfast_17.png in Resources */ = {isa = PBXBuildFile; fileRef = E30CC9CE14238E4D0089F7E2 /* super_brfast_17.png */; };
		E30CCA4114238E4D0089F7E2 /* super_brfast_18.png in Resources */ = {isa = PBXBuildFile; fileRef = E30CC9CF14238E4D0089F7E2 /* super_brfast_18.png */; };
		E30CCA4214238E4D0089F7E2 /* super_brfast_19.png in Resources */ = {isa = PBXBuildFile; fileRef = E30CC9D014238E4D0089F7E2 /* super_brfast_19.png */; };
		E30CCA4314238E4D0089F7E2 /* super_brfast_title.png in Resources */ = {isa = PBXBuildFile; fileRef = E30CC9D114238E4D0089F7E2 /* super_brfast_title.png */; };
		E30CCA4414238E4D0089F7E2 /* super_brfast_title2.png in Resources */ = {isa = PBXBuildFile; fileRef = E30CC9D214238E4D0089F7E2 /* super_brfast_title2.png */; };
		E30CCA4514238E4D0089F7E2 /* super_lunch_01.png in Resources */ = {isa = PBXBuildFile; fileRef = E30CC9D314238E4D0089F7E2 /* super_lunch_01.png */; };
		E30CCA4614238E4D0089F7E2 /* super_lunch_02.png in Resources */ = {isa = PBXBuildFile; fileRef = E30CC9D414238E4D0089F7E2 /* super_lunch_02.png */; };
		E30CCA4714238E4D0089F7E2 /* super_lunch_03.png in Resources */ = {isa = PBXBuildFile; fileRef = E30CC9D514238E4D0089F7E2 /* super_lunch_03.png */; };
		E30CCA4814238E4D0089F7E2 /* super_lunch_04.png in Resources */ = {isa = PBXBuildFile; fileRef = E30CC9D614238E4D0089F7E2 /* super_lunch_04.png */; };
		E30CCA4914238E4D0089F7E2 /* super_lunch_05.png in Resources */ = {isa = PBXBuildFile; fileRef = E30CC9D714238E4D0089F7E2 /* super_lunch_05.png */; };
		E30CCA4A14238E4D0089F7E2 /* super_lunch_06.png in Resources */ = {isa = PBXBuildFile; fileRef = E30CC9D814238E4D0089F7E2 /* super_lunch_06.png */; };
		E30CCA4B14238E4D0089F7E2 /* super_lunch_07.png in Resources */ = {isa = PBXBuildFile; fileRef = E30CC9D914238E4D0089F7E2 /* super_lunch_07.png */; };
		E30CCA4C14238E4D0089F7E2 /* super_lunch_08.png in Resources */ = {isa = PBXBuildFile; fileRef = E30CC9DA14238E4D0089F7E2 /* super_lunch_08.png */; };
		E30CCA4D14238E4D0089F7E2 /* super_lunch_09.png in Resources */ = {isa = PBXBuildFile; fileRef = E30CC9DB14238E4D0089F7E2 /* super_lunch_09.png */; };
		E30CCA4E14238E4D0089F7E2 /* super_lunch_10.png in Resources */ = {isa = PBXBuildFile; fileRef = E30CC9DC14238E4D0089F7E2 /* super_lunch_10.png */; };
		E30CCA4F14238E4D0089F7E2 /* super_lunch_11.png in Resources */ = {isa = PBXBuildFile; fileRef = E30CC9DD14238E4D0089F7E2 /* super_lunch_11.png */; };
		E30CCA5014238E4D0089F7E2 /* super_lunch_12.png in Resources */ = {isa = PBXBuildFile; fileRef = E30CC9DE14238E4D0089F7E2 /* super_lunch_12.png */; };
		E30CCA5114238E4D0089F7E2 /* super_lunch_title.png in Resources */ = {isa = PBXBuildFile; fileRef = E30CC9DF14238E4D0089F7E2 /* super_lunch_title.png */; };
		E30CCA5214238E4D0089F7E2 /* super_lunch_title2.png in Resources */ = {isa = PBXBuildFile; fileRef = E30CC9E014238E4D0089F7E2 /* super_lunch_title2.png */; };
		E30CCA5314238E4D0089F7E2 /* super_meal_01.png in Resources */ = {isa = PBXBuildFile; fileRef = E30CC9E114238E4D0089F7E2 /* super_meal_01.png */; };
		E30CCA5414238E4D0089F7E2 /* super_meal_02.png in Resources */ = {isa = PBXBuildFile; fileRef = E30CC9E214238E4D0089F7E2 /* super_meal_02.png */; };
		E30CCA5514238E4D0089F7E2 /* super_meal_03.png in Resources */ = {isa = PBXBuildFile; fileRef = E30CC9E314238E4D0089F7E2 /* super_meal_03.png */; };
		E30CCA5614238E4D0089F7E2 /* super_meal_04.png in Resources */ = {isa = PBXBuildFile; fileRef = E30CC9E414238E4D0089F7E2 /* super_meal_04.png */; };
		E30CCA5714238E4D0089F7E2 /* super_meal_05.png in Resources */ = {isa = PBXBuildFile; fileRef = E30CC9E514238E4D0089F7E2 /* super_meal_05.png */; };
		E30CCA5814238E4D0089F7E2 /* super_meal_06.png in Resources */ = {isa = PBXBuildFile; fileRef = E30CC9E614238E4D0089F7E2 /* super_meal_06.png */; };
		E30CCA5914238E4D0089F7E2 /* super_meal_07.png in Resources */ = {isa = PBXBuildFile; fileRef = E30CC9E714238E4D0089F7E2 /* super_meal_07.png */; };
		E30CCA5A14238E4D0089F7E2 /* super_meal_08.png in Resources */ = {isa = PBXBuildFile; fileRef = E30CC9E814238E4D0089F7E2 /* super_meal_08.png */; };
		E30CCA5B14238E4D0089F7E2 /* super_meal_09.png in Resources */ = {isa = PBXBuildFile; fileRef = E30CC9E914238E4D0089F7E2 /* super_meal_09.png */; };
		E30CCA5C14238E4D0089F7E2 /* super_meal_title.png in Resources */ = {isa = PBXBuildFile; fileRef = E30CC9EA14238E4D0089F7E2 /* super_meal_title.png */; };
		E30CCA5D14238E4D0089F7E2 /* super_meal_title2.png in Resources */ = {isa = PBXBuildFile; fileRef = E30CC9EB14238E4D0089F7E2 /* super_meal_title2.png */; };
		E30CCA5E14238E4D0089F7E2 /* tab_01.png in Resources */ = {isa = PBXBuildFile; fileRef = E30CC9EC14238E4D0089F7E2 /* tab_01.png */; };
		E30CCA5F14238E4D0089F7E2 /* tab_02.png in Resources */ = {isa = PBXBuildFile; fileRef = E30CC9ED14238E4D0089F7E2 /* tab_02.png */; };
		E30CCA6014238E4D0089F7E2 /* tab_03.png in Resources */ = {isa = PBXBuildFile; fileRef = E30CC9EE14238E4D0089F7E2 /* tab_03.png */; };
		E30CCA6114238E4D0089F7E2 /* tab_04.png in Resources */ = {isa = PBXBuildFile; fileRef = E30CC9EF14238E4D0089F7E2 /* tab_04.png */; };
		E30CCA6214238E4D0089F7E2 /* tab_05.png in Resources */ = {isa = PBXBuildFile; fileRef = E30CC9F014238E4D0089F7E2 /* tab_05.png */; };
		E30CCA6314238E4D0089F7E2 /* tab_06.png in Resources */ = {isa = PBXBuildFile; fileRef = E30CC9F114238E4D0089F7E2 /* tab_06.png */; };
		E30CCA6414238E4D0089F7E2 /* tab_07.png in Resources */ = {isa = PBXBuildFile; fileRef = E30CC9F214238E4D0089F7E2 /* tab_07.png */; };
		E30CCA6514238E4D0089F7E2 /* tab_08.png in Resources */ = {isa = PBXBuildFile; fileRef = E30CC9F314238E4D0089F7E2 /* tab_08.png */; };
		E30CCA6614238E4D0089F7E2 /* tab_title.png in Resources */ = {isa = PBXBuildFile; fileRef = E30CC9F414238E4D0089F7E2 /* tab_title.png */; };
		E30CCA6714238E4D0089F7E2 /* tel.png in Resources */ = {isa = PBXBuildFile; fileRef = E30CC9F514238E4D0089F7E2 /* tel.png */; };
		E30CCA6814238E4D0089F7E2 /* webicon_.png in Resources */ = {isa = PBXBuildFile; fileRef = E30CC9F614238E4D0089F7E2 /* webicon_.png */; };
		E30CCA6914238E4D0089F7E2 /* webicon.png in Resources */ = {isa = PBXBuildFile; fileRef = E30CC9F714238E4D0089F7E2 /* webicon.png */; };
		E327A355140922110087FD59 /* MenuViewController.m in Sources */ = {isa = PBXBuildFile; fileRef = E327A353140922110087FD59 /* MenuViewController.m */; };
		E327A356140922110087FD59 /* MenuViewController.xib in Resources */ = {isa = PBXBuildFile; fileRef = E327A354140922110087FD59 /* MenuViewController.xib */; };
		E333A736141A23270056D360 /* CoreData.framework in Frameworks */ = {isa = PBXBuildFile; fileRef = E333A735141A23270056D360 /* CoreData.framework */; };
		E353FB5B140A81E800463C58 /* MenuDetailController.xib in Resources */ = {isa = PBXBuildFile; fileRef = E353FB5A140A81E800463C58 /* MenuDetailController.xib */; };
		E379C6AD141DBC3E0020381A /* TabBarDemo.xcdatamodeld in Sources */ = {isa = PBXBuildFile; fileRef = E379C6AB141DBC3E0020381A /* TabBarDemo.xcdatamodeld */; };
		E3859F3C14089DDF00286F7C /* MapKit.framework in Frameworks */ = {isa = PBXBuildFile; fileRef = E3859F3B14089DDF00286F7C /* MapKit.framework */; };
		E3859F411408A3A600286F7C /* CoreLocation.framework in Frameworks */ = {isa = PBXBuildFile; fileRef = E3859F401408A3A600286F7C /* CoreLocation.framework */; };
		E3859F4B1408CC9B00286F7C /* McdStore.m in Sources */ = {isa = PBXBuildFile; fileRef = E3859F4A1408CC9B00286F7C /* McdStore.m */; };
		E38EDF3014087F3400D9D27D /* UIKit.framework in Frameworks */ = {isa = PBXBuildFile; fileRef = E38EDF2F14087F3400D9D27D /* UIKit.framework */; };
		E38EDF3214087F3500D9D27D /* Foundation.framework in Frameworks */ = {isa = PBXBuildFile; fileRef = E38EDF3114087F3400D9D27D /* Foundation.framework */; };
		E38EDF3414087F3500D9D27D /* CoreGraphics.framework in Frameworks */ = {isa = PBXBuildFile; fileRef = E38EDF3314087F3500D9D27D /* CoreGraphics.framework */; };
		E38EDF3A14087F3500D9D27D /* InfoPlist.strings in Resources */ = {isa = PBXBuildFile; fileRef = E38EDF3814087F3500D9D27D /* InfoPlist.strings */; };
		E38EDF3C14087F3500D9D27D /* main.m in Sources */ = {isa = PBXBuildFile; fileRef = E38EDF3B14087F3500D9D27D /* main.m */; };
		E38EDF4014087F3500D9D27D /* TabBarDemoAppDelegate.m in Sources */ = {isa = PBXBuildFile; fileRef = E38EDF3F14087F3500D9D27D /* TabBarDemoAppDelegate.m */; };
		E38EDF4314087F3500D9D27D /* MainWindow.xib in Resources */ = {isa = PBXBuildFile; fileRef = E38EDF4114087F3500D9D27D /* MainWindow.xib */; };
		E38EDF4614087F3500D9D27D /* FirstViewController.m in Sources */ = {isa = PBXBuildFile; fileRef = E38EDF4514087F3500D9D27D /* FirstViewController.m */; };
		E38EDF4914087F3500D9D27D /* SecondViewController.m in Sources */ = {isa = PBXBuildFile; fileRef = E38EDF4814087F3500D9D27D /* SecondViewController.m */; };
		E38EDF4C14087F3500D9D27D /* FirstView.xib in Resources */ = {isa = PBXBuildFile; fileRef = E38EDF4A14087F3500D9D27D /* FirstView.xib */; };
		E38EDF4F14087F3500D9D27D /* SecondView.xib in Resources */ = {isa = PBXBuildFile; fileRef = E38EDF4D14087F3500D9D27D /* SecondView.xib */; };
		E38EDF5714087F3500D9D27D /* SenTestingKit.framework in Frameworks */ = {isa = PBXBuildFile; fileRef = E38EDF5614087F3500D9D27D /* SenTestingKit.framework */; };
		E38EDF5814087F3500D9D27D /* UIKit.framework in Frameworks */ = {isa = PBXBuildFile; fileRef = E38EDF2F14087F3400D9D27D /* UIKit.framework */; };
		E38EDF5914087F3500D9D27D /* Foundation.framework in Frameworks */ = {isa = PBXBuildFile; fileRef = E38EDF3114087F3400D9D27D /* Foundation.framework */; };
		E38EDF5A14087F3500D9D27D /* CoreGraphics.framework in Frameworks */ = {isa = PBXBuildFile; fileRef = E38EDF3314087F3500D9D27D /* CoreGraphics.framework */; };
		E38EDF6214087F3500D9D27D /* InfoPlist.strings in Resources */ = {isa = PBXBuildFile; fileRef = E38EDF6014087F3500D9D27D /* InfoPlist.strings */; };
		E38EDF6414087F3500D9D27D /* TabBarDemoTests.h in Resources */ = {isa = PBXBuildFile; fileRef = E38EDF6314087F3500D9D27D /* TabBarDemoTests.h */; };
		E38EDF6614087F3500D9D27D /* TabBarDemoTests.m in Sources */ = {isa = PBXBuildFile; fileRef = E38EDF6514087F3500D9D27D /* TabBarDemoTests.m */; };
		E3902DCA140BCDF9008CEEBD /* McdStoreController.m in Sources */ = {isa = PBXBuildFile; fileRef = E3902DC8140BCDF9008CEEBD /* McdStoreController.m */; };
		E3902DCB140BCDF9008CEEBD /* McdStoreController.xib in Resources */ = {isa = PBXBuildFile; fileRef = E3902DC9140BCDF9008CEEBD /* McdStoreController.xib */; };
/* End PBXBuildFile section */

/* Begin PBXContainerItemProxy section */
		E38EDF5B14087F3500D9D27D /* PBXContainerItemProxy */ = {
			isa = PBXContainerItemProxy;
			containerPortal = E38EDF2214087F3400D9D27D /* Project object */;
			proxyType = 1;
			remoteGlobalIDString = E38EDF2A14087F3400D9D27D;
			remoteInfo = TabBarDemo;
		};
/* End PBXContainerItemProxy section */

/* Begin PBXFileReference section */
		E302DBAA1409E1D600F21D06 /* MenuDetailController.h */ = {isa = PBXFileReference; fileEncoding = 4; lastKnownFileType = sourcecode.c.h; path = MenuDetailController.h; sourceTree = "<group>"; };
		E302DBAB1409E1D600F21D06 /* MenuDetailController.m */ = {isa = PBXFileReference; fileEncoding = 4; lastKnownFileType = sourcecode.c.objc; path = MenuDetailController.m; sourceTree = "<group>"; };
		E30CC98614238E4D0089F7E2 /* 07-map-marker.png */ = {isa = PBXFileReference; lastKnownFileType = image.png; path = "07-map-marker.png"; sourceTree = "<group>"; };
		E30CC98714238E4D0089F7E2 /* 53-house.png */ = {isa = PBXFileReference; lastKnownFileType = image.png; path = "53-house.png"; sourceTree = "<group>"; };
		E30CC98814238E4D0089F7E2 /* 179-notepad.png */ = {isa = PBXFileReference; lastKnownFileType = image.png; path = "179-notepad.png"; sourceTree = "<group>"; };
		E30CC98914238E4D0089F7E2 /* arrow.png */ = {isa = PBXFileReference; lastKnownFileType = image.png; path = arrow.png; sourceTree = "<group>"; };
		E30CC98A14238E4D0089F7E2 /* brfast_01.png */ = {isa = PBXFileReference; lastKnownFileType = image.png; path = brfast_01.png; sourceTree = "<group>"; };
		E30CC98B14238E4D0089F7E2 /* brfast_02.png */ = {isa = PBXFileReference; lastKnownFileType = image.png; path = brfast_02.png; sourceTree = "<group>"; };
		E30CC98C14238E4D0089F7E2 /* brfast_03.png */ = {isa = PBXFileReference; lastKnownFileType = image.png; path = brfast_03.png; sourceTree = "<group>"; };
		E30CC98D14238E4D0089F7E2 /* brfast_04.png */ = {isa = PBXFileReference; lastKnownFileType = image.png; path = brfast_04.png; sourceTree = "<group>"; };
		E30CC98E14238E4D0089F7E2 /* brfast_05.png */ = {isa = PBXFileReference; lastKnownFileType = image.png; path = brfast_05.png; sourceTree = "<group>"; };
		E30CC98F14238E4D0089F7E2 /* brfast_06.png */ = {isa = PBXFileReference; lastKnownFileType = image.png; path = brfast_06.png; sourceTree = "<group>"; };
		E30CC99014238E4D0089F7E2 /* brfast_07.png */ = {isa = PBXFileReference; lastKnownFileType = image.png; path = brfast_07.png; sourceTree = "<group>"; };
		E30CC99114238E4D0089F7E2 /* brfast_title.png */ = {isa = PBXFileReference; lastKnownFileType = image.png; path = brfast_title.png; sourceTree = "<group>"; };
		E30CC99214238E4D0089F7E2 /* brfast_title2.png */ = {isa = PBXFileReference; lastKnownFileType = image.png; path = brfast_title2.png; sourceTree = "<group>"; };
		E30CC99314238E4D0089F7E2 /* btn_back.png */ = {isa = PBXFileReference; lastKnownFileType = image.png; path = btn_back.png; sourceTree = "<group>"; };
		E30CC99414238E4D0089F7E2 /* btn_home.png */ = {isa = PBXFileReference; lastKnownFileType = image.png; path = btn_home.png; sourceTree = "<group>"; };
		E30CC99514238E4D0089F7E2 /* coupon_blue_buy.png */ = {isa = PBXFileReference; lastKnownFileType = image.png; path = coupon_blue_buy.png; sourceTree = "<group>"; };
		E30CC99614238E4D0089F7E2 /* coupon_blue_sticker.png */ = {isa = PBXFileReference; lastKnownFileType = image.png; path = coupon_blue_sticker.png; sourceTree = "<group>"; };
		E30CC99714238E4D0089F7E2 /* coupon_btn_blue.png */ = {isa = PBXFileReference; lastKnownFileType = image.png; path = coupon_btn_blue.png; sourceTree = "<group>"; };
		E30CC99814238E4D0089F7E2 /* coupon_btn_orange.png */ = {isa = PBXFileReference; lastKnownFileType = image.png; path = coupon_btn_orange.png; sourceTree = "<group>"; };
		E30CC99914238E4D0089F7E2 /* coupon_btn_yellow.png */ = {isa = PBXFileReference; lastKnownFileType = image.png; path = coupon_btn_yellow.png; sourceTree = "<group>"; };
		E30CC99A14238E4D0089F7E2 /* coupon_choose.png */ = {isa = PBXFileReference; lastKnownFileType = image.png; path = coupon_choose.png; sourceTree = "<group>"; };
		E30CC99B14238E4D0089F7E2 /* coupon_deadline.png */ = {isa = PBXFileReference; lastKnownFileType = image.png; path = coupon_deadline.png; sourceTree = "<group>"; };
		E30CC99C14238E4D0089F7E2 /* coupon_sticker_bg.png */ = {isa = PBXFileReference; lastKnownFileType = image.png; path = coupon_sticker_bg.png; sourceTree = "<group>"; };
		E30CC99D14238E4D0089F7E2 /* coupon_yellow_buy.png */ = {isa = PBXFileReference; lastKnownFileType = image.png; path = coupon_yellow_buy.png; sourceTree = "<group>"; };
		E30CC99E14238E4D0089F7E2 /* coupon_yellow_sticker.png */ = {isa = PBXFileReference; lastKnownFileType = image.png; path = coupon_yellow_sticker.png; sourceTree = "<group>"; };
		E30CC99F14238E4D0089F7E2 /* coupon_yellow_time.png */ = {isa = PBXFileReference; lastKnownFileType = image.png; path = coupon_yellow_time.png; sourceTree = "<group>"; };
		E30CC9A014238E4D0089F7E2 /* daily_01.png */ = {isa = PBXFileReference; lastKnownFileType = image.png; path = daily_01.png; sourceTree = "<group>"; };
		E30CC9A114238E4D0089F7E2 /* daily_02.png */ = {isa = PBXFileReference; lastKnownFileType = image.png; path = daily_02.png; sourceTree = "<group>"; };
		E30CC9A214238E4D0089F7E2 /* daily_03.png */ = {isa = PBXFileReference; lastKnownFileType = image.png; path = daily_03.png; sourceTree = "<group>"; };
		E30CC9A314238E4D0089F7E2 /* drink_01.png */ = {isa = PBXFileReference; lastKnownFileType = image.png; path = drink_01.png; sourceTree = "<group>"; };
		E30CC9A414238E4D0089F7E2 /* drink_02.png */ = {isa = PBXFileReference; lastKnownFileType = image.png; path = drink_02.png; sourceTree = "<group>"; };
		E30CC9A514238E4D0089F7E2 /* drink_03.png */ = {isa = PBXFileReference; lastKnownFileType = image.png; path = drink_03.png; sourceTree = "<group>"; };
		E30CC9A614238E4D0089F7E2 /* drink_04.png */ = {isa = PBXFileReference; lastKnownFileType = image.png; path = drink_04.png; sourceTree = "<group>"; };
		E30CC9A714238E4D0089F7E2 /* drink_05.png */ = {isa = PBXFileReference; lastKnownFileType = image.png; path = drink_05.png; sourceTree = "<group>"; };
		E30CC9A814238E4D0089F7E2 /* drink_06.png */ = {isa = PBXFileReference; lastKnownFileType = image.png; path = drink_06.png; sourceTree = "<group>"; };
		E30CC9A914238E4D0089F7E2 /* happy01.png */ = {isa = PBXFileReference; lastKnownFileType = image.png; path = happy01.png; sourceTree = "<group>"; };
		E30CC9AA14238E4D0089F7E2 /* happy02.png */ = {isa = PBXFileReference; lastKnownFileType = image.png; path = happy02.png; sourceTree = "<group>"; };
		E30CC9AB14238E4D0089F7E2 /* happy03.png */ = {isa = PBXFileReference; lastKnownFileType = image.png; path = happy03.png; sourceTree = "<group>"; };
		E30CC9AC14238E4D0089F7E2 /* happy04.png */ = {isa = PBXFileReference; lastKnownFileType = image.png; path = happy04.png; sourceTree = "<group>"; };
		E30CC9AD14238E4D0089F7E2 /* happy05.png */ = {isa = PBXFileReference; lastKnownFileType = image.png; path = happy05.png; sourceTree = "<group>"; };
		E30CC9AE14238E4D0089F7E2 /* happyshare_01.png */ = {isa = PBXFileReference; lastKnownFileType = image.png; path = happyshare_01.png; sourceTree = "<group>"; };
		E30CC9AF14238E4D0089F7E2 /* happyshare_02.png */ = {isa = PBXFileReference; lastKnownFileType = image.png; path = happyshare_02.png; sourceTree = "<group>"; };
		E30CC9B014238E4D0089F7E2 /* m_logo_.png */ = {isa = PBXFileReference; lastKnownFileType = image.png; path = m_logo_.png; sourceTree = "<group>"; };
		E30CC9B114238E4D0089F7E2 /* m_logo_30_.png */ = {isa = PBXFileReference; lastKnownFileType = image.png; path = m_logo_30_.png; sourceTree = "<group>"; };
		E30CC9B214238E4D0089F7E2 /* m_logo_30.png */ = {isa = PBXFileReference; lastKnownFileType = image.png; path = m_logo_30.png; sourceTree = "<group>"; };
		E30CC9B314238E4D0089F7E2 /* m_logo.png */ = {isa = PBXFileReference; lastKnownFileType = image.png; path = m_logo.png; sourceTree = "<group>"; };
		E30CC9B414238E4D0089F7E2 /* main_01.png */ = {isa = PBXFileReference; lastKnownFileType = image.png; path = main_01.png; sourceTree = "<group>"; };
		E30CC9B514238E4D0089F7E2 /* main_02.png */ = {isa = PBXFileReference; lastKnownFileType = image.png; path = main_02.png; sourceTree = "<group>"; };
		E30CC9B614238E4D0089F7E2 /* main_03.png */ = {isa = PBXFileReference; lastKnownFileType = image.png; path = main_03.png; sourceTree = "<group>"; };
		E30CC9B714238E4D0089F7E2 /* main_04.png */ = {isa = PBXFileReference; lastKnownFileType = image.png; path = main_04.png; sourceTree = "<group>"; };
		E30CC9B814238E4D0089F7E2 /* rules01.png */ = {isa = PBXFileReference; lastKnownFileType = image.png; path = rules01.png; sourceTree = "<group>"; };
		E30CC9B914238E4D0089F7E2 /* rules02.png */ = {isa = PBXFileReference; lastKnownFileType = image.png; path = rules02.png; sourceTree = "<group>"; };
		E30CC9BA14238E4D0089F7E2 /* rules03.png */ = {isa = PBXFileReference; lastKnownFileType = image.png; path = rules03.png; sourceTree = "<group>"; };
		E30CC9BB14238E4D0089F7E2 /* store_address.png */ = {isa = PBXFileReference; lastKnownFileType = image.png; path = store_address.png; sourceTree = "<group>"; };
		E30CC9BC14238E4D0089F7E2 /* store_opentime.png */ = {isa = PBXFileReference; lastKnownFileType = image.png; path = store_opentime.png; sourceTree = "<group>"; };
		E30CC9BD14238E4D0089F7E2 /* store_phone.png */ = {isa = PBXFileReference; lastKnownFileType = image.png; path = store_phone.png; sourceTree = "<group>"; };
		E30CC9BE14238E4D0089F7E2 /* super_brfast_01.png */ = {isa = PBXFileReference; lastKnownFileType = image.png; path = super_brfast_01.png; sourceTree = "<group>"; };
		E30CC9BF14238E4D0089F7E2 /* super_brfast_02.png */ = {isa = PBXFileReference; lastKnownFileType = image.png; path = super_brfast_02.png; sourceTree = "<group>"; };
		E30CC9C014238E4D0089F7E2 /* super_brfast_03.png */ = {isa = PBXFileReference; lastKnownFileType = image.png; path = super_brfast_03.png; sourceTree = "<group>"; };
		E30CC9C114238E4D0089F7E2 /* super_brfast_04.png */ = {isa = PBXFileReference; lastKnownFileType = image.png; path = super_brfast_04.png; sourceTree = "<group>"; };
		E30CC9C214238E4D0089F7E2 /* super_brfast_05.png */ = {isa = PBXFileReference; lastKnownFileType = image.png; path = super_brfast_05.png; sourceTree = "<group>"; };
		E30CC9C314238E4D0089F7E2 /* super_brfast_06.png */ = {isa = PBXFileReference; lastKnownFileType = image.png; path = super_brfast_06.png; sourceTree = "<group>"; };
		E30CC9C414238E4D0089F7E2 /* super_brfast_07.png */ = {isa = PBXFileReference; lastKnownFileType = image.png; path = super_brfast_07.png; sourceTree = "<group>"; };
		E30CC9C514238E4D0089F7E2 /* super_brfast_08.png */ = {isa = PBXFileReference; lastKnownFileType = image.png; path = super_brfast_08.png; sourceTree = "<group>"; };
		E30CC9C614238E4D0089F7E2 /* super_brfast_09.png */ = {isa = PBXFileReference; lastKnownFileType = image.png; path = super_brfast_09.png; sourceTree = "<group>"; };
		E30CC9C714238E4D0089F7E2 /* super_brfast_10.png */ = {isa = PBXFileReference; lastKnownFileType = image.png; path = super_brfast_10.png; sourceTree = "<group>"; };
		E30CC9C814238E4D0089F7E2 /* super_brfast_11.png */ = {isa = PBXFileReference; lastKnownFileType = image.png; path = super_brfast_11.png; sourceTree = "<group>"; };
		E30CC9C914238E4D0089F7E2 /* super_brfast_12.png */ = {isa = PBXFileReference; lastKnownFileType = image.png; path = super_brfast_12.png; sourceTree = "<group>"; };
		E30CC9CA14238E4D0089F7E2 /* super_brfast_13.png */ = {isa = PBXFileReference; lastKnownFileType = image.png; path = super_brfast_13.png; sourceTree = "<group>"; };
		E30CC9CB14238E4D0089F7E2 /* super_brfast_14.png */ = {isa = PBXFileReference; lastKnownFileType = image.png; path = super_brfast_14.png; sourceTree = "<group>"; };
		E30CC9CC14238E4D0089F7E2 /* super_brfast_15.png */ = {isa = PBXFileReference; lastKnownFileType = image.png; path = super_brfast_15.png; sourceTree = "<group>"; };
		E30CC9CD14238E4D0089F7E2 /* super_brfast_16.png */ = {isa = PBXFileReference; lastKnownFileType = image.png; path = super_brfast_16.png; sourceTree = "<group>"; };
		E30CC9CE14238E4D0089F7E2 /* super_brfast_17.png */ = {isa = PBXFileReference; lastKnownFileType = image.png; path = super_brfast_17.png; sourceTree = "<group>"; };
		E30CC9CF14238E4D0089F7E2 /* super_brfast_18.png */ = {isa = PBXFileReference; lastKnownFileType = image.png; path = super_brfast_18.png; sourceTree = "<group>"; };
		E30CC9D014238E4D0089F7E2 /* super_brfast_19.png */ = {isa = PBXFileReference; lastKnownFileType = image.png; path = super_brfast_19.png; sourceTree = "<group>"; };
		E30CC9D114238E4D0089F7E2 /* super_brfast_title.png */ = {isa = PBXFileReference; lastKnownFileType = image.png; path = super_brfast_title.png; sourceTree = "<group>"; };
		E30CC9D214238E4D0089F7E2 /* super_brfast_title2.png */ = {isa = PBXFileReference; lastKnownFileType = image.png; path = super_brfast_title2.png; sourceTree = "<group>"; };
		E30CC9D314238E4D0089F7E2 /* super_lunch_01.png */ = {isa = PBXFileReference; lastKnownFileType = image.png; path = super_lunch_01.png; sourceTree = "<group>"; };
		E30CC9D414238E4D0089F7E2 /* super_lunch_02.png */ = {isa = PBXFileReference; lastKnownFileType = image.png; path = super_lunch_02.png; sourceTree = "<group>"; };
		E30CC9D514238E4D0089F7E2 /* super_lunch_03.png */ = {isa = PBXFileReference; lastKnownFileType = image.png; path = super_lunch_03.png; sourceTree = "<group>"; };
		E30CC9D614238E4D0089F7E2 /* super_lunch_04.png */ = {isa = PBXFileReference; lastKnownFileType = image.png; path = super_lunch_04.png; sourceTree = "<group>"; };
		E30CC9D714238E4D0089F7E2 /* super_lunch_05.png */ = {isa = PBXFileReference; lastKnownFileType = image.png; path = super_lunch_05.png; sourceTree = "<group>"; };
		E30CC9D814238E4D0089F7E2 /* super_lunch_06.png */ = {isa = PBXFileReference; lastKnownFileType = image.png; path = super_lunch_06.png; sourceTree = "<group>"; };
		E30CC9D914238E4D0089F7E2 /* super_lunch_07.png */ = {isa = PBXFileReference; lastKnownFileType = image.png; path = super_lunch_07.png; sourceTree = "<group>"; };
		E30CC9DA14238E4D0089F7E2 /* super_lunch_08.png */ = {isa = PBXFileReference; lastKnownFileType = image.png; path = super_lunch_08.png; sourceTree = "<group>"; };
		E30CC9DB14238E4D0089F7E2 /* super_lunch_09.png */ = {isa = PBXFileReference; lastKnownFileType = image.png; path = super_lunch_09.png; sourceTree = "<group>"; };
		E30CC9DC14238E4D0089F7E2 /* super_lunch_10.png */ = {isa = PBXFileReference; lastKnownFileType = image.png; path = super_lunch_10.png; sourceTree = "<group>"; };
		E30CC9DD14238E4D0089F7E2 /* super_lunch_11.png */ = {isa = PBXFileReference; lastKnownFileType = image.png; path = super_lunch_11.png; sourceTree = "<group>"; };
		E30CC9DE14238E4D0089F7E2 /* super_lunch_12.png */ = {isa = PBXFileReference; lastKnownFileType = image.png; path = super_lunch_12.png; sourceTree = "<group>"; };
		E30CC9DF14238E4D0089F7E2 /* super_lunch_title.png */ = {isa = PBXFileReference; lastKnownFileType = image.png; path = super_lunch_title.png; sourceTree = "<group>"; };
		E30CC9E014238E4D0089F7E2 /* super_lunch_title2.png */ = {isa = PBXFileReference; lastKnownFileType = image.png; path = super_lunch_title2.png; sourceTree = "<group>"; };
		E30CC9E114238E4D0089F7E2 /* super_meal_01.png */ = {isa = PBXFileReference; lastKnownFileType = image.png; path = super_meal_01.png; sourceTree = "<group>"; };
		E30CC9E214238E4D0089F7E2 /* super_meal_02.png */ = {isa = PBXFileReference; lastKnownFileType = image.png; path = super_meal_02.png; sourceTree = "<group>"; };
		E30CC9E314238E4D0089F7E2 /* super_meal_03.png */ = {isa = PBXFileReference; lastKnownFileType = image.png; path = super_meal_03.png; sourceTree = "<group>"; };
		E30CC9E414238E4D0089F7E2 /* super_meal_04.png */ = {isa = PBXFileReference; lastKnownFileType = image.png; path = super_meal_04.png; sourceTree = "<group>"; };
		E30CC9E514238E4D0089F7E2 /* super_meal_05.png */ = {isa = PBXFileReference; lastKnownFileType = image.png; path = super_meal_05.png; sourceTree = "<group>"; };
		E30CC9E614238E4D0089F7E2 /* super_meal_06.png */ = {isa = PBXFileReference; lastKnownFileType = image.png; path = super_meal_06.png; sourceTree = "<group>"; };
		E30CC9E714238E4D0089F7E2 /* super_meal_07.png */ = {isa = PBXFileReference; lastKnownFileType = image.png; path = super_meal_07.png; sourceTree = "<group>"; };
		E30CC9E814238E4D0089F7E2 /* super_meal_08.png */ = {isa = PBXFileReference; lastKnownFileType = image.png; path = super_meal_08.png; sourceTree = "<group>"; };
		E30CC9E914238E4D0089F7E2 /* super_meal_09.png */ = {isa = PBXFileReference; lastKnownFileType = image.png; path = super_meal_09.png; sourceTree = "<group>"; };
		E30CC9EA14238E4D0089F7E2 /* super_meal_title.png */ = {isa = PBXFileReference; lastKnownFileType = image.png; path = super_meal_title.png; sourceTree = "<group>"; };
		E30CC9EB14238E4D0089F7E2 /* super_meal_title2.png */ = {isa = PBXFileReference; lastKnownFileType = image.png; path = super_meal_title2.png; sourceTree = "<group>"; };
		E30CC9EC14238E4D0089F7E2 /* tab_01.png */ = {isa = PBXFileReference; lastKnownFileType = image.png; path = tab_01.png; sourceTree = "<group>"; };
		E30CC9ED14238E4D0089F7E2 /* tab_02.png */ = {isa = PBXFileReference; lastKnownFileType = image.png; path = tab_02.png; sourceTree = "<group>"; };
		E30CC9EE14238E4D0089F7E2 /* tab_03.png */ = {isa = PBXFileReference; lastKnownFileType = image.png; path = tab_03.png; sourceTree = "<group>"; };
		E30CC9EF14238E4D0089F7E2 /* tab_04.png */ = {isa = PBXFileReference; lastKnownFileType = image.png; path = tab_04.png; sourceTree = "<group>"; };
		E30CC9F014238E4D0089F7E2 /* tab_05.png */ = {isa = PBXFileReference; lastKnownFileType = image.png; path = tab_05.png; sourceTree = "<group>"; };
		E30CC9F114238E4D0089F7E2 /* tab_06.png */ = {isa = PBXFileReference; lastKnownFileType = image.png; path = tab_06.png; sourceTree = "<group>"; };
		E30CC9F214238E4D0089F7E2 /* tab_07.png */ = {isa = PBXFileReference; lastKnownFileType = image.png; path = tab_07.png; sourceTree = "<group>"; };
		E30CC9F314238E4D0089F7E2 /* tab_08.png */ = {isa = PBXFileReference; lastKnownFileType = image.png; path = tab_08.png; sourceTree = "<group>"; };
		E30CC9F414238E4D0089F7E2 /* tab_title.png */ = {isa = PBXFileReference; lastKnownFileType = image.png; path = tab_title.png; sourceTree = "<group>"; };
		E30CC9F514238E4D0089F7E2 /* tel.png */ = {isa = PBXFileReference; lastKnownFileType = image.png; path = tel.png; sourceTree = "<group>"; };
		E30CC9F614238E4D0089F7E2 /* webicon_.png */ = {isa = PBXFileReference; lastKnownFileType = image.png; path = webicon_.png; sourceTree = "<group>"; };
		E30CC9F714238E4D0089F7E2 /* webicon.png */ = {isa = PBXFileReference; lastKnownFileType = image.png; path = webicon.png; sourceTree = "<group>"; };
		E327A352140922110087FD59 /* MenuViewController.h */ = {isa = PBXFileReference; fileEncoding = 4; lastKnownFileType = sourcecode.c.h; path = MenuViewController.h; sourceTree = "<group>"; };
		E327A353140922110087FD59 /* MenuViewController.m */ = {isa = PBXFileReference; fileEncoding = 4; lastKnownFileType = sourcecode.c.objc; path = MenuViewController.m; sourceTree = "<group>"; };
		E327A354140922110087FD59 /* MenuViewController.xib */ = {isa = PBXFileReference; fileEncoding = 4; lastKnownFileType = file.xib; path = MenuViewController.xib; sourceTree = "<group>"; };
		E333A735141A23270056D360 /* CoreData.framework */ = {isa = PBXFileReference; lastKnownFileType = wrapper.framework; name = CoreData.framework; path = System/Library/Frameworks/CoreData.framework; sourceTree = SDKROOT; };
		E353FB5A140A81E800463C58 /* MenuDetailController.xib */ = {isa = PBXFileReference; fileEncoding = 4; lastKnownFileType = file.xib; path = MenuDetailController.xib; sourceTree = "<group>"; };
		E379C6AC141DBC3E0020381A /* TabBarDemo.xcdatamodel */ = {isa = PBXFileReference; lastKnownFileType = wrapper.xcdatamodel; path = TabBarDemo.xcdatamodel; sourceTree = "<group>"; };
		E3859F3B14089DDF00286F7C /* MapKit.framework */ = {isa = PBXFileReference; lastKnownFileType = wrapper.framework; name = MapKit.framework; path = System/Library/Frameworks/MapKit.framework; sourceTree = SDKROOT; };
		E3859F401408A3A600286F7C /* CoreLocation.framework */ = {isa = PBXFileReference; lastKnownFileType = wrapper.framework; name = CoreLocation.framework; path = System/Library/Frameworks/CoreLocation.framework; sourceTree = SDKROOT; };
		E3859F491408CC9B00286F7C /* McdStore.h */ = {isa = PBXFileReference; fileEncoding = 4; lastKnownFileType = sourcecode.c.h; path = McdStore.h; sourceTree = "<group>"; };
		E3859F4A1408CC9B00286F7C /* McdStore.m */ = {isa = PBXFileReference; fileEncoding = 4; lastKnownFileType = sourcecode.c.objc; path = McdStore.m; sourceTree = "<group>"; };
		E38EDF2B14087F3400D9D27D /* TabBarDemo.app */ = {isa = PBXFileReference; explicitFileType = wrapper.application; includeInIndex = 0; path = TabBarDemo.app; sourceTree = BUILT_PRODUCTS_DIR; };
		E38EDF2F14087F3400D9D27D /* UIKit.framework */ = {isa = PBXFileReference; lastKnownFileType = wrapper.framework; name = UIKit.framework; path = System/Library/Frameworks/UIKit.framework; sourceTree = SDKROOT; };
		E38EDF3114087F3400D9D27D /* Foundation.framework */ = {isa = PBXFileReference; lastKnownFileType = wrapper.framework; name = Foundation.framework; path = System/Library/Frameworks/Foundation.framework; sourceTree = SDKROOT; };
		E38EDF3314087F3500D9D27D /* CoreGraphics.framework */ = {isa = PBXFileReference; lastKnownFileType = wrapper.framework; name = CoreGraphics.framework; path = System/Library/Frameworks/CoreGraphics.framework; sourceTree = SDKROOT; };
		E38EDF3714087F3500D9D27D /* TabBarDemo-Info.plist */ = {isa = PBXFileReference; lastKnownFileType = text.plist.xml; path = "TabBarDemo-Info.plist"; sourceTree = "<group>"; };
		E38EDF3914087F3500D9D27D /* en */ = {isa = PBXFileReference; lastKnownFileType = text.plist.strings; name = en; path = en.lproj/InfoPlist.strings; sourceTree = "<group>"; };
		E38EDF3B14087F3500D9D27D /* main.m */ = {isa = PBXFileReference; lastKnownFileType = sourcecode.c.objc; path = main.m; sourceTree = "<group>"; };
		E38EDF3D14087F3500D9D27D /* TabBarDemo-Prefix.pch */ = {isa = PBXFileReference; lastKnownFileType = sourcecode.c.h; path = "TabBarDemo-Prefix.pch"; sourceTree = "<group>"; };
		E38EDF3E14087F3500D9D27D /* TabBarDemoAppDelegate.h */ = {isa = PBXFileReference; lastKnownFileType = sourcecode.c.h; path = TabBarDemoAppDelegate.h; sourceTree = "<group>"; };
		E38EDF3F14087F3500D9D27D /* TabBarDemoAppDelegate.m */ = {isa = PBXFileReference; lastKnownFileType = sourcecode.c.objc; path = TabBarDemoAppDelegate.m; sourceTree = "<group>"; };
		E38EDF4214087F3500D9D27D /* en */ = {isa = PBXFileReference; lastKnownFileType = file.xib; name = en; path = en.lproj/MainWindow.xib; sourceTree = "<group>"; };
		E38EDF4414087F3500D9D27D /* FirstViewController.h */ = {isa = PBXFileReference; lastKnownFileType = sourcecode.c.h; path = FirstViewController.h; sourceTree = "<group>"; };
		E38EDF4514087F3500D9D27D /* FirstViewController.m */ = {isa = PBXFileReference; lastKnownFileType = sourcecode.c.objc; path = FirstViewController.m; sourceTree = "<group>"; };
		E38EDF4714087F3500D9D27D /* SecondViewController.h */ = {isa = PBXFileReference; lastKnownFileType = sourcecode.c.h; path = SecondViewController.h; sourceTree = "<group>"; };
		E38EDF4814087F3500D9D27D /* SecondViewController.m */ = {isa = PBXFileReference; lastKnownFileType = sourcecode.c.objc; path = SecondViewController.m; sourceTree = "<group>"; };
		E38EDF4B14087F3500D9D27D /* en */ = {isa = PBXFileReference; lastKnownFileType = file.xib; name = en; path = en.lproj/FirstView.xib; sourceTree = "<group>"; };
		E38EDF4E14087F3500D9D27D /* en */ = {isa = PBXFileReference; lastKnownFileType = file.xib; name = en; path = en.lproj/SecondView.xib; sourceTree = "<group>"; };
		E38EDF5514087F3500D9D27D /* TabBarDemoTests.octest */ = {isa = PBXFileReference; explicitFileType = wrapper.cfbundle; includeInIndex = 0; path = TabBarDemoTests.octest; sourceTree = BUILT_PRODUCTS_DIR; };
		E38EDF5614087F3500D9D27D /* SenTestingKit.framework */ = {isa = PBXFileReference; lastKnownFileType = wrapper.framework; name = SenTestingKit.framework; path = Library/Frameworks/SenTestingKit.framework; sourceTree = DEVELOPER_DIR; };
		E38EDF5F14087F3500D9D27D /* TabBarDemoTests-Info.plist */ = {isa = PBXFileReference; lastKnownFileType = text.plist.xml; path = "TabBarDemoTests-Info.plist"; sourceTree = "<group>"; };
		E38EDF6114087F3500D9D27D /* en */ = {isa = PBXFileReference; lastKnownFileType = text.plist.strings; name = en; path = en.lproj/InfoPlist.strings; sourceTree = "<group>"; };
		E38EDF6314087F3500D9D27D /* TabBarDemoTests.h */ = {isa = PBXFileReference; lastKnownFileType = sourcecode.c.h; path = TabBarDemoTests.h; sourceTree = "<group>"; };
		E38EDF6514087F3500D9D27D /* TabBarDemoTests.m */ = {isa = PBXFileReference; lastKnownFileType = sourcecode.c.objc; path = TabBarDemoTests.m; sourceTree = "<group>"; };
		E3902DC7140BCDF9008CEEBD /* McdStoreController.h */ = {isa = PBXFileReference; fileEncoding = 4; lastKnownFileType = sourcecode.c.h; path = McdStoreController.h; sourceTree = "<group>"; };
		E3902DC8140BCDF9008CEEBD /* McdStoreController.m */ = {isa = PBXFileReference; fileEncoding = 4; lastKnownFileType = sourcecode.c.objc; path = McdStoreController.m; sourceTree = "<group>"; };
		E3902DC9140BCDF9008CEEBD /* McdStoreController.xib */ = {isa = PBXFileReference; fileEncoding = 4; lastKnownFileType = file.xib; path = McdStoreController.xib; sourceTree = "<group>"; };
/* End PBXFileReference section */

/* Begin PBXFrameworksBuildPhase section */
		E38EDF2814087F3400D9D27D /* Frameworks */ = {
			isa = PBXFrameworksBuildPhase;
			buildActionMask = 2147483647;
			files = (
				E333A736141A23270056D360 /* CoreData.framework in Frameworks */,
				E3859F411408A3A600286F7C /* CoreLocation.framework in Frameworks */,
				E3859F3C14089DDF00286F7C /* MapKit.framework in Frameworks */,
				E38EDF3014087F3400D9D27D /* UIKit.framework in Frameworks */,
				E38EDF3214087F3500D9D27D /* Foundation.framework in Frameworks */,
				E38EDF3414087F3500D9D27D /* CoreGraphics.framework in Frameworks */,
			);
			runOnlyForDeploymentPostprocessing = 0;
		};
		E38EDF5114087F3500D9D27D /* Frameworks */ = {
			isa = PBXFrameworksBuildPhase;
			buildActionMask = 2147483647;
			files = (
				E38EDF5714087F3500D9D27D /* SenTestingKit.framework in Frameworks */,
				E38EDF5814087F3500D9D27D /* UIKit.framework in Frameworks */,
				E38EDF5914087F3500D9D27D /* Foundation.framework in Frameworks */,
				E38EDF5A14087F3500D9D27D /* CoreGraphics.framework in Frameworks */,
			);
			runOnlyForDeploymentPostprocessing = 0;
		};
/* End PBXFrameworksBuildPhase section */

/* Begin PBXGroup section */
		E327A36014092B1A0087FD59 /* images */ = {
			isa = PBXGroup;
			children = (
				E30CC98614238E4D0089F7E2 /* 07-map-marker.png */,
				E30CC98714238E4D0089F7E2 /* 53-house.png */,
				E30CC98814238E4D0089F7E2 /* 179-notepad.png */,
				E30CC98914238E4D0089F7E2 /* arrow.png */,
				E30CC98A14238E4D0089F7E2 /* brfast_01.png */,
				E30CC98B14238E4D0089F7E2 /* brfast_02.png */,
				E30CC98C14238E4D0089F7E2 /* brfast_03.png */,
				E30CC98D14238E4D0089F7E2 /* brfast_04.png */,
				E30CC98E14238E4D0089F7E2 /* brfast_05.png */,
				E30CC98F14238E4D0089F7E2 /* brfast_06.png */,
				E30CC99014238E4D0089F7E2 /* brfast_07.png */,
				E30CC99114238E4D0089F7E2 /* brfast_title.png */,
				E30CC99214238E4D0089F7E2 /* brfast_title2.png */,
				E30CC99314238E4D0089F7E2 /* btn_back.png */,
				E30CC99414238E4D0089F7E2 /* btn_home.png */,
				E30CC99514238E4D0089F7E2 /* coupon_blue_buy.png */,
				E30CC99614238E4D0089F7E2 /* coupon_blue_sticker.png */,
				E30CC99714238E4D0089F7E2 /* coupon_btn_blue.png */,
				E30CC99814238E4D0089F7E2 /* coupon_btn_orange.png */,
				E30CC99914238E4D0089F7E2 /* coupon_btn_yellow.png */,
				E30CC99A14238E4D0089F7E2 /* coupon_choose.png */,
				E30CC99B14238E4D0089F7E2 /* coupon_deadline.png */,
				E30CC99C14238E4D0089F7E2 /* coupon_sticker_bg.png */,
				E30CC99D14238E4D0089F7E2 /* coupon_yellow_buy.png */,
				E30CC99E14238E4D0089F7E2 /* coupon_yellow_sticker.png */,
				E30CC99F14238E4D0089F7E2 /* coupon_yellow_time.png */,
				E30CC9A014238E4D0089F7E2 /* daily_01.png */,
				E30CC9A114238E4D0089F7E2 /* daily_02.png */,
				E30CC9A214238E4D0089F7E2 /* daily_03.png */,
				E30CC9A314238E4D0089F7E2 /* drink_01.png */,
				E30CC9A414238E4D0089F7E2 /* drink_02.png */,
				E30CC9A514238E4D0089F7E2 /* drink_03.png */,
				E30CC9A614238E4D0089F7E2 /* drink_04.png */,
				E30CC9A714238E4D0089F7E2 /* drink_05.png */,
				E30CC9A814238E4D0089F7E2 /* drink_06.png */,
				E30CC9A914238E4D0089F7E2 /* happy01.png */,
				E30CC9AA14238E4D0089F7E2 /* happy02.png */,
				E30CC9AB14238E4D0089F7E2 /* happy03.png */,
				E30CC9AC14238E4D0089F7E2 /* happy04.png */,
				E30CC9AD14238E4D0089F7E2 /* happy05.png */,
				E30CC9AE14238E4D0089F7E2 /* happyshare_01.png */,
				E30CC9AF14238E4D0089F7E2 /* happyshare_02.png */,
				E30CC9B014238E4D0089F7E2 /* m_logo_.png */,
				E30CC9B114238E4D0089F7E2 /* m_logo_30_.png */,
				E30CC9B214238E4D0089F7E2 /* m_logo_30.png */,
				E30CC9B314238E4D0089F7E2 /* m_logo.png */,
				E30CC9B414238E4D0089F7E2 /* main_01.png */,
				E30CC9B514238E4D0089F7E2 /* main_02.png */,
				E30CC9B614238E4D0089F7E2 /* main_03.png */,
				E30CC9B714238E4D0089F7E2 /* main_04.png */,
				E30CC9B814238E4D0089F7E2 /* rules01.png */,
				E30CC9B914238E4D0089F7E2 /* rules02.png */,
				E30CC9BA14238E4D0089F7E2 /* rules03.png */,
				E30CC9BB14238E4D0089F7E2 /* store_address.png */,
				E30CC9BC14238E4D0089F7E2 /* store_opentime.png */,
				E30CC9BD14238E4D0089F7E2 /* store_phone.png */,
				E30CC9BE14238E4D0089F7E2 /* super_brfast_01.png */,
				E30CC9BF14238E4D0089F7E2 /* super_brfast_02.png */,
				E30CC9C014238E4D0089F7E2 /* super_brfast_03.png */,
				E30CC9C114238E4D0089F7E2 /* super_brfast_04.png */,
				E30CC9C214238E4D0089F7E2 /* super_brfast_05.png */,
				E30CC9C314238E4D0089F7E2 /* super_brfast_06.png */,
				E30CC9C414238E4D0089F7E2 /* super_brfast_07.png */,
				E30CC9C514238E4D0089F7E2 /* super_brfast_08.png */,
				E30CC9C614238E4D0089F7E2 /* super_brfast_09.png */,
				E30CC9C714238E4D0089F7E2 /* super_brfast_10.png */,
				E30CC9C814238E4D0089F7E2 /* super_brfast_11.png */,
				E30CC9C914238E4D0089F7E2 /* super_brfast_12.png */,
				E30CC9CA14238E4D0089F7E2 /* super_brfast_13.png */,
				E30CC9CB14238E4D0089F7E2 /* super_brfast_14.png */,
				E30CC9CC14238E4D0089F7E2 /* super_brfast_15.png */,
				E30CC9CD14238E4D0089F7E2 /* super_brfast_16.png */,
				E30CC9CE14238E4D0089F7E2 /* super_brfast_17.png */,
				E30CC9CF14238E4D0089F7E2 /* super_brfast_18.png */,
				E30CC9D014238E4D0089F7E2 /* super_brfast_19.png */,
				E30CC9D114238E4D0089F7E2 /* super_brfast_title.png */,
				E30CC9D214238E4D0089F7E2 /* super_brfast_title2.png */,
				E30CC9D314238E4D0089F7E2 /* super_lunch_01.png */,
				E30CC9D414238E4D0089F7E2 /* super_lunch_02.png */,
				E30CC9D514238E4D0089F7E2 /* super_lunch_03.png */,
				E30CC9D614238E4D0089F7E2 /* super_lunch_04.png */,
				E30CC9D714238E4D0089F7E2 /* super_lunch_05.png */,
				E30CC9D814238E4D0089F7E2 /* super_lunch_06.png */,
				E30CC9D914238E4D0089F7E2 /* super_lunch_07.png */,
				E30CC9DA14238E4D0089F7E2 /* super_lunch_08.png */,
				E30CC9DB14238E4D0089F7E2 /* super_lunch_09.png */,
				E30CC9DC14238E4D0089F7E2 /* super_lunch_10.png */,
				E30CC9DD14238E4D0089F7E2 /* super_lunch_11.png */,
				E30CC9DE14238E4D0089F7E2 /* super_lunch_12.png */,
				E30CC9DF14238E4D0089F7E2 /* super_lunch_title.png */,
				E30CC9E014238E4D0089F7E2 /* super_lunch_title2.png */,
				E30CC9E114238E4D0089F7E2 /* super_meal_01.png */,
				E30CC9E214238E4D0089F7E2 /* super_meal_02.png */,
				E30CC9E314238E4D0089F7E2 /* super_meal_03.png */,
				E30CC9E414238E4D0089F7E2 /* super_meal_04.png */,
				E30CC9E514238E4D0089F7E2 /* super_meal_05.png */,
				E30CC9E614238E4D0089F7E2 /* super_meal_06.png */,
				E30CC9E714238E4D0089F7E2 /* super_meal_07.png */,
				E30CC9E814238E4D0089F7E2 /* super_meal_08.png */,
				E30CC9E914238E4D0089F7E2 /* super_meal_09.png */,
				E30CC9EA14238E4D0089F7E2 /* super_meal_title.png */,
				E30CC9EB14238E4D0089F7E2 /* super_meal_title2.png */,
				E30CC9EC14238E4D0089F7E2 /* tab_01.png */,
				E30CC9ED14238E4D0089F7E2 /* tab_02.png */,
				E30CC9EE14238E4D0089F7E2 /* tab_03.png */,
				E30CC9EF14238E4D0089F7E2 /* tab_04.png */,
				E30CC9F014238E4D0089F7E2 /* tab_05.png */,
				E30CC9F114238E4D0089F7E2 /* tab_06.png */,
				E30CC9F214238E4D0089F7E2 /* tab_07.png */,
				E30CC9F314238E4D0089F7E2 /* tab_08.png */,
				E30CC9F414238E4D0089F7E2 /* tab_title.png */,
				E30CC9F514238E4D0089F7E2 /* tel.png */,
				E30CC9F614238E4D0089F7E2 /* webicon_.png */,
				E30CC9F714238E4D0089F7E2 /* webicon.png */,
			);
			name = images;
			path = TabBarDemo/images;
			sourceTree = "<group>";
		};
		E38EDF2014087F3400D9D27D = {
			isa = PBXGroup;
			children = (
				E327A36014092B1A0087FD59 /* images */,
				E38EDF3514087F3500D9D27D /* TabBarDemo */,
				E38EDF5D14087F3500D9D27D /* TabBarDemoTests */,
				E38EDF2E14087F3400D9D27D /* Frameworks */,
				E38EDF2C14087F3400D9D27D /* Products */,
			);
			sourceTree = "<group>";
		};
		E38EDF2C14087F3400D9D27D /* Products */ = {
			isa = PBXGroup;
			children = (
				E38EDF2B14087F3400D9D27D /* TabBarDemo.app */,
				E38EDF5514087F3500D9D27D /* TabBarDemoTests.octest */,
			);
			name = Products;
			sourceTree = "<group>";
		};
		E38EDF2E14087F3400D9D27D /* Frameworks */ = {
			isa = PBXGroup;
			children = (
				E333A735141A23270056D360 /* CoreData.framework */,
				E3859F401408A3A600286F7C /* CoreLocation.framework */,
				E3859F3B14089DDF00286F7C /* MapKit.framework */,
				E38EDF2F14087F3400D9D27D /* UIKit.framework */,
				E38EDF3114087F3400D9D27D /* Foundation.framework */,
				E38EDF3314087F3500D9D27D /* CoreGraphics.framework */,
				E38EDF5614087F3500D9D27D /* SenTestingKit.framework */,
			);
			name = Frameworks;
			sourceTree = "<group>";
		};
		E38EDF3514087F3500D9D27D /* TabBarDemo */ = {
			isa = PBXGroup;
			children = (
				E38EDF3E14087F3500D9D27D /* TabBarDemoAppDelegate.h */,
				E38EDF3F14087F3500D9D27D /* TabBarDemoAppDelegate.m */,
				E3859F491408CC9B00286F7C /* McdStore.h */,
				E3859F4A1408CC9B00286F7C /* McdStore.m */,
				E38EDF4114087F3500D9D27D /* MainWindow.xib */,
				E38EDF4414087F3500D9D27D /* FirstViewController.h */,
				E38EDF4514087F3500D9D27D /* FirstViewController.m */,
				E38EDF4A14087F3500D9D27D /* FirstView.xib */,
				E38EDF4714087F3500D9D27D /* SecondViewController.h */,
				E38EDF4814087F3500D9D27D /* SecondViewController.m */,
				E3902DC7140BCDF9008CEEBD /* McdStoreController.h */,
				E3902DC8140BCDF9008CEEBD /* McdStoreController.m */,
				E38EDF4D14087F3500D9D27D /* SecondView.xib */,
				E3902DC9140BCDF9008CEEBD /* McdStoreController.xib */,
				E327A352140922110087FD59 /* MenuViewController.h */,
				E327A353140922110087FD59 /* MenuViewController.m */,
				E327A354140922110087FD59 /* MenuViewController.xib */,
				E302DBAA1409E1D600F21D06 /* MenuDetailController.h */,
				E302DBAB1409E1D600F21D06 /* MenuDetailController.m */,
				E353FB5A140A81E800463C58 /* MenuDetailController.xib */,
				E38EDF3614087F3500D9D27D /* Supporting Files */,
				E379C6AB141DBC3E0020381A /* TabBarDemo.xcdatamodeld */,
			);
			path = TabBarDemo;
			sourceTree = "<group>";
		};
		E38EDF3614087F3500D9D27D /* Supporting Files */ = {
			isa = PBXGroup;
			children = (
				E38EDF3714087F3500D9D27D /* TabBarDemo-Info.plist */,
				E38EDF3814087F3500D9D27D /* InfoPlist.strings */,
				E38EDF3B14087F3500D9D27D /* main.m */,
				E38EDF3D14087F3500D9D27D /* TabBarDemo-Prefix.pch */,
			);
			name = "Supporting Files";
			sourceTree = "<group>";
		};
		E38EDF5D14087F3500D9D27D /* TabBarDemoTests */ = {
			isa = PBXGroup;
			children = (
				E38EDF6314087F3500D9D27D /* TabBarDemoTests.h */,
				E38EDF6514087F3500D9D27D /* TabBarDemoTests.m */,
				E38EDF5E14087F3500D9D27D /* Supporting Files */,
			);
			path = TabBarDemoTests;
			sourceTree = "<group>";
		};
		E38EDF5E14087F3500D9D27D /* Supporting Files */ = {
			isa = PBXGroup;
			children = (
				E38EDF5F14087F3500D9D27D /* TabBarDemoTests-Info.plist */,
				E38EDF6014087F3500D9D27D /* InfoPlist.strings */,
			);
			name = "Supporting Files";
			sourceTree = "<group>";
		};
/* End PBXGroup section */

/* Begin PBXNativeTarget section */
		E38EDF2A14087F3400D9D27D /* TabBarDemo */ = {
			isa = PBXNativeTarget;
			buildConfigurationList = E38EDF6914087F3500D9D27D /* Build configuration list for PBXNativeTarget "TabBarDemo" */;
			buildPhases = (
				E38EDF2714087F3400D9D27D /* Sources */,
				E38EDF2814087F3400D9D27D /* Frameworks */,
				E38EDF2914087F3400D9D27D /* Resources */,
			);
			buildRules = (
			);
			dependencies = (
			);
			name = TabBarDemo;
			productName = TabBarDemo;
			productReference = E38EDF2B14087F3400D9D27D /* TabBarDemo.app */;
			productType = "com.apple.product-type.application";
		};
		E38EDF5414087F3500D9D27D /* TabBarDemoTests */ = {
			isa = PBXNativeTarget;
			buildConfigurationList = E38EDF6C14087F3500D9D27D /* Build configuration list for PBXNativeTarget "TabBarDemoTests" */;
			buildPhases = (
				E38EDF5014087F3500D9D27D /* Sources */,
				E38EDF5114087F3500D9D27D /* Frameworks */,
				E38EDF5214087F3500D9D27D /* Resources */,
				E38EDF5314087F3500D9D27D /* ShellScript */,
			);
			buildRules = (
			);
			dependencies = (
				E38EDF5C14087F3500D9D27D /* PBXTargetDependency */,
			);
			name = TabBarDemoTests;
			productName = TabBarDemoTests;
			productReference = E38EDF5514087F3500D9D27D /* TabBarDemoTests.octest */;
			productType = "com.apple.product-type.bundle";
		};
/* End PBXNativeTarget section */

/* Begin PBXProject section */
		E38EDF2214087F3400D9D27D /* Project object */ = {
			isa = PBXProject;
			attributes = {
				LastUpgradeCheck = 0410;
			};
			buildConfigurationList = E38EDF2514087F3400D9D27D /* Build configuration list for PBXProject "TabBarDemo" */;
			compatibilityVersion = "Xcode 3.2";
			developmentRegion = English;
			hasScannedForEncodings = 0;
			knownRegions = (
				en,
			);
			mainGroup = E38EDF2014087F3400D9D27D;
			productRefGroup = E38EDF2C14087F3400D9D27D /* Products */;
			projectDirPath = "";
			projectRoot = "";
			targets = (
				E38EDF2A14087F3400D9D27D /* TabBarDemo */,
				E38EDF5414087F3500D9D27D /* TabBarDemoTests */,
			);
		};
/* End PBXProject section */

/* Begin PBXResourcesBuildPhase section */
		E38EDF2914087F3400D9D27D /* Resources */ = {
			isa = PBXResourcesBuildPhase;
			buildActionMask = 2147483647;
			files = (
				E38EDF3A14087F3500D9D27D /* InfoPlist.strings in Resources */,
				E38EDF4314087F3500D9D27D /* MainWindow.xib in Resources */,
				E38EDF4C14087F3500D9D27D /* FirstView.xib in Resources */,
				E38EDF4F14087F3500D9D27D /* SecondView.xib in Resources */,
				E327A356140922110087FD59 /* MenuViewController.xib in Resources */,
				E353FB5B140A81E800463C58 /* MenuDetailController.xib in Resources */,
				E3902DCB140BCDF9008CEEBD /* McdStoreController.xib in Resources */,
				E30CC9F814238E4D0089F7E2 /* 07-map-marker.png in Resources */,
				E30CC9F914238E4D0089F7E2 /* 53-house.png in Resources */,
				E30CC9FA14238E4D0089F7E2 /* 179-notepad.png in Resources */,
				E30CC9FB14238E4D0089F7E2 /* arrow.png in Resources */,
				E30CC9FC14238E4D0089F7E2 /* brfast_01.png in Resources */,
				E30CC9FD14238E4D0089F7E2 /* brfast_02.png in Resources */,
				E30CC9FE14238E4D0089F7E2 /* brfast_03.png in Resources */,
				E30CC9FF14238E4D0089F7E2 /* brfast_04.png in Resources */,
				E30CCA0014238E4D0089F7E2 /* brfast_05.png in Resources */,
				E30CCA0114238E4D0089F7E2 /* brfast_06.png in Resources */,
				E30CCA0214238E4D0089F7E2 /* brfast_07.png in Resources */,
				E30CCA0314238E4D0089F7E2 /* brfast_title.png in Resources */,
				E30CCA0414238E4D0089F7E2 /* brfast_title2.png in Resources */,
				E30CCA0514238E4D0089F7E2 /* btn_back.png in Resources */,
				E30CCA0614238E4D0089F7E2 /* btn_home.png in Resources */,
				E30CCA0714238E4D0089F7E2 /* coupon_blue_buy.png in Resources */,
				E30CCA0814238E4D0089F7E2 /* coupon_blue_sticker.png in Resources */,
				E30CCA0914238E4D0089F7E2 /* coupon_btn_blue.png in Resources */,
				E30CCA0A14238E4D0089F7E2 /* coupon_btn_orange.png in Resources */,
				E30CCA0B14238E4D0089F7E2 /* coupon_btn_yellow.png in Resources */,
				E30CCA0C14238E4D0089F7E2 /* coupon_choose.png in Resources */,
				E30CCA0D14238E4D0089F7E2 /* coupon_deadline.png in Resources */,
				E30CCA0E14238E4D0089F7E2 /* coupon_sticker_bg.png in Resources */,
				E30CCA0F14238E4D0089F7E2 /* coupon_yellow_buy.png in Resources */,
				E30CCA1014238E4D0089F7E2 /* coupon_yellow_sticker.png in Resources */,
				E30CCA1114238E4D0089F7E2 /* coupon_yellow_time.png in Resources */,
				E30CCA1214238E4D0089F7E2 /* daily_01.png in Resources */,
				E30CCA1314238E4D0089F7E2 /* daily_02.png in Resources */,
				E30CCA1414238E4D0089F7E2 /* daily_03.png in Resources */,
				E30CCA1514238E4D0089F7E2 /* drink_01.png in Resources */,
				E30CCA1614238E4D0089F7E2 /* drink_02.png in Resources */,
				E30CCA1714238E4D0089F7E2 /* drink_03.png in Resources */,
				E30CCA1814238E4D0089F7E2 /* drink_04.png in Resources */,
				E30CCA1914238E4D0089F7E2 /* drink_05.png in Resources */,
				E30CCA1A14238E4D0089F7E2 /* drink_06.png in Resources */,
				E30CCA1B14238E4D0089F7E2 /* happy01.png in Resources */,
				E30CCA1C14238E4D0089F7E2 /* happy02.png in Resources */,
				E30CCA1D14238E4D0089F7E2 /* happy03.png in Resources */,
				E30CCA1E14238E4D0089F7E2 /* happy04.png in Resources */,
				E30CCA1F14238E4D0089F7E2 /* happy05.png in Resources */,
				E30CCA2014238E4D0089F7E2 /* happyshare_01.png in Resources */,
				E30CCA2114238E4D0089F7E2 /* happyshare_02.png in Resources */,
				E30CCA2214238E4D0089F7E2 /* m_logo_.png in Resources */,
				E30CCA2314238E4D0089F7E2 /* m_logo_30_.png in Resources */,
				E30CCA2414238E4D0089F7E2 /* m_logo_30.png in Resources */,
				E30CCA2514238E4D0089F7E2 /* m_logo.png in Resources */,
				E30CCA2614238E4D0089F7E2 /* main_01.png in Resources */,
				E30CCA2714238E4D0089F7E2 /* main_02.png in Resources */,
				E30CCA2814238E4D0089F7E2 /* main_03.png in Resources */,
				E30CCA2914238E4D0089F7E2 /* main_04.png in Resources */,
				E30CCA2A14238E4D0089F7E2 /* rules01.png in Resources */,
				E30CCA2B14238E4D0089F7E2 /* rules02.png in Resources */,
				E30CCA2C14238E4D0089F7E2 /* rules03.png in Resources */,
				E30CCA2D14238E4D0089F7E2 /* store_address.png in Resources */,
				E30CCA2E14238E4D0089F7E2 /* store_opentime.png in Resources */,
				E30CCA2F14238E4D0089F7E2 /* store_phone.png in Resources */,
				E30CCA3014238E4D0089F7E2 /* super_brfast_01.png in Resources */,
				E30CCA3114238E4D0089F7E2 /* super_brfast_02.png in Resources */,
				E30CCA3214238E4D0089F7E2 /* super_brfast_03.png in Resources */,
				E30CCA3314238E4D0089F7E2 /* super_brfast_04.png in Resources */,
				E30CCA3414238E4D0089F7E2 /* super_brfast_05.png in Resources */,
				E30CCA3514238E4D0089F7E2 /* super_brfast_06.png in Resources */,
				E30CCA3614238E4D0089F7E2 /* super_brfast_07.png in Resources */,
				E30CCA3714238E4D0089F7E2 /* super_brfast_08.png in Resources */,
				E30CCA3814238E4D0089F7E2 /* super_brfast_09.png in Resources */,
				E30CCA3914238E4D0089F7E2 /* super_brfast_10.png in Resources */,
				E30CCA3A14238E4D0089F7E2 /* super_brfast_11.png in Resources */,
				E30CCA3B14238E4D0089F7E2 /* super_brfast_12.png in Resources */,
				E30CCA3C14238E4D0089F7E2 /* super_brfast_13.png in Resources */,
				E30CCA3D14238E4D0089F7E2 /* super_brfast_14.png in Resources */,
				E30CCA3E14238E4D0089F7E2 /* super_brfast_15.png in Resources */,
				E30CCA3F14238E4D0089F7E2 /* super_brfast_16.png in Resources */,
				E30CCA4014238E4D0089F7E2 /* super_brfast_17.png in Resources */,
				E30CCA4114238E4D0089F7E2 /* super_brfast_18.png in Resources */,
				E30CCA4214238E4D0089F7E2 /* super_brfast_19.png in Resources */,
				E30CCA4314238E4D0089F7E2 /* super_brfast_title.png in Resources */,
				E30CCA4414238E4D0089F7E2 /* super_brfast_title2.png in Resources */,
				E30CCA4514238E4D0089F7E2 /* super_lunch_01.png in Resources */,
				E30CCA4614238E4D0089F7E2 /* super_lunch_02.png in Resources */,
				E30CCA4714238E4D0089F7E2 /* super_lunch_03.png in Resources */,
				E30CCA4814238E4D0089F7E2 /* super_lunch_04.png in Resources */,
				E30CCA4914238E4D0089F7E2 /* super_lunch_05.png in Resources */,
				E30CCA4A14238E4D0089F7E2 /* super_lunch_06.png in Resources */,
				E30CCA4B14238E4D0089F7E2 /* super_lunch_07.png in Resources */,
				E30CCA4C14238E4D0089F7E2 /* super_lunch_08.png in Resources */,
				E30CCA4D14238E4D0089F7E2 /* super_lunch_09.png in Resources */,
				E30CCA4E14238E4D0089F7E2 /* super_lunch_10.png in Resources */,
				E30CCA4F14238E4D0089F7E2 /* super_lunch_11.png in Resources */,
				E30CCA5014238E4D0089F7E2 /* super_lunch_12.png in Resources */,
				E30CCA5114238E4D0089F7E2 /* super_lunch_title.png in Resources */,
				E30CCA5214238E4D0089F7E2 /* super_lunch_title2.png in Resources */,
				E30CCA5314238E4D0089F7E2 /* super_meal_01.png in Resources */,
				E30CCA5414238E4D0089F7E2 /* super_meal_02.png in Resources */,
				E30CCA5514238E4D0089F7E2 /* super_meal_03.png in Resources */,
				E30CCA5614238E4D0089F7E2 /* super_meal_04.png in Resources */,
				E30CCA5714238E4D0089F7E2 /* super_meal_05.png in Resources */,
				E30CCA5814238E4D0089F7E2 /* super_meal_06.png in Resources */,
				E30CCA5914238E4D0089F7E2 /* super_meal_07.png in Resources */,
				E30CCA5A14238E4D0089F7E2 /* super_meal_08.png in Resources */,
				E30CCA5B14238E4D0089F7E2 /* super_meal_09.png in Resources */,
				E30CCA5C14238E4D0089F7E2 /* super_meal_title.png in Resources */,
				E30CCA5D14238E4D0089F7E2 /* super_meal_title2.png in Resources */,
				E30CCA5E14238E4D0089F7E2 /* tab_01.png in Resources */,
				E30CCA5F14238E4D0089F7E2 /* tab_02.png in Resources */,
				E30CCA6014238E4D0089F7E2 /* tab_03.png in Resources */,
				E30CCA6114238E4D0089F7E2 /* tab_04.png in Resources */,
				E30CCA6214238E4D0089F7E2 /* tab_05.png in Resources */,
				E30CCA6314238E4D0089F7E2 /* tab_06.png in Resources */,
				E30CCA6414238E4D0089F7E2 /* tab_07.png in Resources */,
				E30CCA6514238E4D0089F7E2 /* tab_08.png in Resources */,
				E30CCA6614238E4D0089F7E2 /* tab_title.png in Resources */,
				E30CCA6714238E4D0089F7E2 /* tel.png in Resources */,
				E30CCA6814238E4D0089F7E2 /* webicon_.png in Resources */,
				E30CCA6914238E4D0089F7E2 /* webicon.png in Resources */,
			);
			runOnlyForDeploymentPostprocessing = 0;
		};
		E38EDF5214087F3500D9D27D /* Resources */ = {
			isa = PBXResourcesBuildPhase;
			buildActionMask = 2147483647;
			files = (
				E38EDF6214087F3500D9D27D /* InfoPlist.strings in Resources */,
				E38EDF6414087F3500D9D27D /* TabBarDemoTests.h in Resources */,
			);
			runOnlyForDeploymentPostprocessing = 0;
		};
/* End PBXResourcesBuildPhase section */

/* Begin PBXShellScriptBuildPhase section */
		E38EDF5314087F3500D9D27D /* ShellScript */ = {
			isa = PBXShellScriptBuildPhase;
			buildActionMask = 2147483647;
			files = (
			);
			inputPaths = (
			);
			outputPaths = (
			);
			runOnlyForDeploymentPostprocessing = 0;
			shellPath = /bin/sh;
			shellScript = "# Run the unit tests in this test bundle.\n\"${SYSTEM_DEVELOPER_DIR}/Tools/RunUnitTests\"\n";
		};
/* End PBXShellScriptBuildPhase section */

/* Begin PBXSourcesBuildPhase section */
		E38EDF2714087F3400D9D27D /* Sources */ = {
			isa = PBXSourcesBuildPhase;
			buildActionMask = 2147483647;
			files = (
				E38EDF3C14087F3500D9D27D /* main.m in Sources */,
				E38EDF4014087F3500D9D27D /* TabBarDemoAppDelegate.m in Sources */,
				E38EDF4614087F3500D9D27D /* FirstViewController.m in Sources */,
				E38EDF4914087F3500D9D27D /* SecondViewController.m in Sources */,
				E3859F4B1408CC9B00286F7C /* McdStore.m in Sources */,
				E327A355140922110087FD59 /* MenuViewController.m in Sources */,
				E302DBAD1409E1D600F21D06 /* MenuDetailController.m in Sources */,
				E3902DCA140BCDF9008CEEBD /* McdStoreController.m in Sources */,
				E379C6AD141DBC3E0020381A /* TabBarDemo.xcdatamodeld in Sources */,
			);
			runOnlyForDeploymentPostprocessing = 0;
		};
		E38EDF5014087F3500D9D27D /* Sources */ = {
			isa = PBXSourcesBuildPhase;
			buildActionMask = 2147483647;
			files = (
				E38EDF6614087F3500D9D27D /* TabBarDemoTests.m in Sources */,
			);
			runOnlyForDeploymentPostprocessing = 0;
		};
/* End PBXSourcesBuildPhase section */

/* Begin PBXTargetDependency section */
		E38EDF5C14087F3500D9D27D /* PBXTargetDependency */ = {
			isa = PBXTargetDependency;
			target = E38EDF2A14087F3400D9D27D /* TabBarDemo */;
			targetProxy = E38EDF5B14087F3500D9D27D /* PBXContainerItemProxy */;
		};
/* End PBXTargetDependency section */

/* Begin PBXVariantGroup section */
		E38EDF3814087F3500D9D27D /* InfoPlist.strings */ = {
			isa = PBXVariantGroup;
			children = (
				E38EDF3914087F3500D9D27D /* en */,
			);
			name = InfoPlist.strings;
			sourceTree = "<group>";
		};
		E38EDF4114087F3500D9D27D /* MainWindow.xib */ = {
			isa = PBXVariantGroup;
			children = (
				E38EDF4214087F3500D9D27D /* en */,
			);
			name = MainWindow.xib;
			sourceTree = "<group>";
		};
		E38EDF4A14087F3500D9D27D /* FirstView.xib */ = {
			isa = PBXVariantGroup;
			children = (
				E38EDF4B14087F3500D9D27D /* en */,
			);
			name = FirstView.xib;
			sourceTree = "<group>";
		};
		E38EDF4D14087F3500D9D27D /* SecondView.xib */ = {
			isa = PBXVariantGroup;
			children = (
				E38EDF4E14087F3500D9D27D /* en */,
			);
			name = SecondView.xib;
			sourceTree = "<group>";
		};
		E38EDF6014087F3500D9D27D /* InfoPlist.strings */ = {
			isa = PBXVariantGroup;
			children = (
				E38EDF6114087F3500D9D27D /* en */,
			);
			name = InfoPlist.strings;
			sourceTree = "<group>";
		};
/* End PBXVariantGroup section */

/* Begin XCBuildConfiguration section */
		E38EDF6714087F3500D9D27D /* Debug */ = {
			isa = XCBuildConfiguration;
			buildSettings = {
				ALWAYS_SEARCH_USER_PATHS = NO;
				ARCHS = "$(ARCHS_STANDARD_32_BIT)";
				"CODE_SIGN_IDENTITY[sdk=iphoneos*]" = "iPhone Developer";
				COPY_PHASE_STRIP = NO;
				GCC_C_LANGUAGE_STANDARD = gnu99;
				GCC_DYNAMIC_NO_PIC = NO;
				GCC_OPTIMIZATION_LEVEL = 0;
				GCC_PREPROCESSOR_DEFINITIONS = (
					"DEBUG=1",
					"$(inherited)",
				);
				GCC_SYMBOLS_PRIVATE_EXTERN = NO;
				GCC_VERSION = com.apple.compilers.llvmgcc42;
				GCC_WARN_ABOUT_MISSING_PROTOTYPES = YES;
				GCC_WARN_ABOUT_RETURN_TYPE = YES;
				GCC_WARN_UNUSED_VARIABLE = YES;
				IPHONEOS_DEPLOYMENT_TARGET = 4.3;
				SDKROOT = iphoneos;
			};
			name = Debug;
		};
		E38EDF6814087F3500D9D27D /* Release */ = {
			isa = XCBuildConfiguration;
			buildSettings = {
				ALWAYS_SEARCH_USER_PATHS = NO;
				ARCHS = "$(ARCHS_STANDARD_32_BIT)";
				"CODE_SIGN_IDENTITY[sdk=iphoneos*]" = "iPhone Developer";
				COPY_PHASE_STRIP = YES;
				GCC_C_LANGUAGE_STANDARD = gnu99;
				GCC_VERSION = com.apple.compilers.llvmgcc42;
				GCC_WARN_ABOUT_MISSING_PROTOTYPES = YES;
				GCC_WARN_ABOUT_RETURN_TYPE = YES;
				GCC_WARN_UNUSED_VARIABLE = YES;
				IPHONEOS_DEPLOYMENT_TARGET = 4.3;
				OTHER_CFLAGS = "-DNS_BLOCK_ASSERTIONS=1";
				SDKROOT = iphoneos;
				VALIDATE_PRODUCT = YES;
			};
			name = Release;
		};
		E38EDF6A14087F3500D9D27D /* Debug */ = {
			isa = XCBuildConfiguration;
			buildSettings = {
				GCC_PRECOMPILE_PREFIX_HEADER = YES;
				GCC_PREFIX_HEADER = "TabBarDemo/TabBarDemo-Prefix.pch";
				INFOPLIST_FILE = "TabBarDemo/TabBarDemo-Info.plist";
				PRODUCT_NAME = "$(TARGET_NAME)";
				WRAPPER_EXTENSION = app;
			};
			name = Debug;
		};
		E38EDF6B14087F3500D9D27D /* Release */ = {
			isa = XCBuildConfiguration;
			buildSettings = {
				GCC_PRECOMPILE_PREFIX_HEADER = YES;
				GCC_PREFIX_HEADER = "TabBarDemo/TabBarDemo-Prefix.pch";
				INFOPLIST_FILE = "TabBarDemo/TabBarDemo-Info.plist";
				PRODUCT_NAME = "$(TARGET_NAME)";
				WRAPPER_EXTENSION = app;
			};
			name = Release;
		};
		E38EDF6D14087F3500D9D27D /* Debug */ = {
			isa = XCBuildConfiguration;
			buildSettings = {
				BUNDLE_LOADER = "$(BUILT_PRODUCTS_DIR)/TabBarDemo.app/TabBarDemo";
				FRAMEWORK_SEARCH_PATHS = (
					"$(SDKROOT)/Developer/Library/Frameworks",
					"$(DEVELOPER_LIBRARY_DIR)/Frameworks",
				);
				GCC_PRECOMPILE_PREFIX_HEADER = YES;
				GCC_PREFIX_HEADER = "TabBarDemo/TabBarDemo-Prefix.pch";
				INFOPLIST_FILE = "TabBarDemoTests/TabBarDemoTests-Info.plist";
				PRODUCT_NAME = "$(TARGET_NAME)";
				TEST_HOST = "$(BUNDLE_LOADER)";
				WRAPPER_EXTENSION = octest;
			};
			name = Debug;
		};
		E38EDF6E14087F3500D9D27D /* Release */ = {
			isa = XCBuildConfiguration;
			buildSettings = {
				BUNDLE_LOADER = "$(BUILT_PRODUCTS_DIR)/TabBarDemo.app/TabBarDemo";
				FRAMEWORK_SEARCH_PATHS = (
					"$(SDKROOT)/Developer/Library/Frameworks",
					"$(DEVELOPER_LIBRARY_DIR)/Frameworks",
				);
				GCC_PRECOMPILE_PREFIX_HEADER = YES;
				GCC_PREFIX_HEADER = "TabBarDemo/TabBarDemo-Prefix.pch";
				INFOPLIST_FILE = "TabBarDemoTests/TabBarDemoTests-Info.plist";
				PRODUCT_NAME = "$(TARGET_NAME)";
				TEST_HOST = "$(BUNDLE_LOADER)";
				WRAPPER_EXTENSION = octest;
			};
			name = Release;
		};
/* End XCBuildConfiguration section */

/* Begin XCConfigurationList section */
		E38EDF2514087F3400D9D27D /* Build configuration list for PBXProject "TabBarDemo" */ = {
			isa = XCConfigurationList;
			buildConfigurations = (
				E38EDF6714087F3500D9D27D /* Debug */,
				E38EDF6814087F3500D9D27D /* Release */,
			);
			defaultConfigurationIsVisible = 0;
			defaultConfigurationName = Release;
		};
		E38EDF6914087F3500D9D27D /* Build configuration list for PBXNativeTarget "TabBarDemo" */ = {
			isa = XCConfigurationList;
			buildConfigurations = (
				E38EDF6A14087F3500D9D27D /* Debug */,
				E38EDF6B14087F3500D9D27D /* Release */,
			);
			defaultConfigurationIsVisible = 0;
			defaultConfigurationName = Release;
		};
		E38EDF6C14087F3500D9D27D /* Build configuration list for PBXNativeTarget "TabBarDemoTests" */ = {
			isa = XCConfigurationList;
			buildConfigurations = (
				E38EDF6D14087F3500D9D27D /* Debug */,
				E38EDF6E14087F3500D9D27D /* Release */,
			);
			defaultConfigurationIsVisible = 0;
			defaultConfigurationName = Release;
		};
/* End XCConfigurationList section */

/* Begin XCVersionGroup section */
		E379C6AB141DBC3E0020381A /* TabBarDemo.xcdatamodeld */ = {
			isa = XCVersionGroup;
			children = (
				E379C6AC141DBC3E0020381A /* TabBarDemo.xcdatamodel */,
			);
			currentVersion = E379C6AC141DBC3E0020381A /* TabBarDemo.xcdatamodel */;
			path = TabBarDemo.xcdatamodeld;
			sourceTree = "<group>";
			versionGroupType = wrapper.xcdatamodel;
		};
/* End XCVersionGroup section */
	};
	rootObject = E38EDF2214087F3400D9D27D /* Project object */;
}
